{
    "_readme": [
        "This file locks the dependencies of your project to a known state",
        "Read more about it at https://getcomposer.org/doc/01-basic-usage.md#installing-dependencies",
        "This file is @generated automatically"
    ],
    "content-hash": "e06e7fa3cea6e87982537c3fb79c707e",
    "packages": [
        {
            "name": "afragen/simple-cpt",
            "version": "dev-master",
            "source": {
                "type": "git",
                "url": "https://github.com/afragen/simple-cpt.git",
                "reference": "615dbf36999a45f39a706651e757eb9ed6f8ecf3"
            },
            "dist": {
                "type": "zip",
                "url": "https://api.github.com/repos/afragen/simple-cpt/zipball/615dbf36999a45f39a706651e757eb9ed6f8ecf3",
                "reference": "615dbf36999a45f39a706651e757eb9ed6f8ecf3",
                "shasum": ""
            },
            "require": {
                "php": ">=7.0"
            },
            "default-branch": true,
            "type": "library",
            "autoload": {
                "psr-4": {
                    "Fragen\\Simple_CPT\\": "src/"
                }
            },
            "notification-url": "https://packagist.org/downloads/",
            "license": [
                "MIT"
            ],
            "authors": [
                {
                    "name": "Andy Fragen",
                    "email": "andy@thefragens.com",
                    "homepage": "https://thefragens.com",
                    "role": "Developer"
                }
            ],
            "description": "Register a simple Custom Post Type and Taxonomies.",
            "keywords": [
                "custom post type",
                "taxonomy"
            ],
            "support": {
                "issues": "https://github.com/afragen/simple-cpt/issues",
                "source": "https://github.com/afragen/simple-cpt"
            },
            "time": "2023-01-06T08:23:02+00:00"
        }
    ],
    "packages-dev": [],
    "aliases": [],
    "minimum-stability": "stable",
    "stability-flags": {
        "afragen/simple-cpt": 20
    },
    "prefer-stable": true,
    "prefer-lowest": false,
    "platform": {
        "php": ">=7.0"
    },
    "platform-dev": [],
    "plugin-api-version": "2.3.0"
}
